
Microsoft Visual Studio Solution File, Format Version 12.00
# Visual Studio Version 16
VisualStudioVersion = 16.0.32901.82
MinimumVisualStudioVersion = 10.0.40219.1
Project("{8BC9CEB8-8B4A-11D0-8D11-00A0C91BC942}") = "Calculator", "Calculator\Calculator.vcxproj", "{1B691260-0506-4659-8AFF-7C486A96C08F}"
EndProject
Project("{8BC9CEB8-8B4A-11D0-8D11-00A0C91BC942}") = "PluginSin", "PluginSin\PluginSin.vcxproj", "{08B1FCEF-D9F4-4173-8810-B96F3DEF36A0}"
EndProject
Project("{8BC9CEB8-8B4A-11D0-8D11-00A0C91BC942}") = "PluginLn", "PluginLn\PluginLn.vcxproj", "{A6657158-9F6E-4F8B-AD0C-CF353DBD0412}"
EndProject
Global
	GlobalSection(SolutionConfigurationPlatforms) = preSolution
		Debug|x64 = Debug|x64
		Debug|x86 = Debug|x86
		Release|x64 = Release|x64
		Release|x86 = Release|x86
	EndGlobalSection
	GlobalSection(ProjectConfigurationPlatforms) = postSolution
		{1B691260-0506-4659-8AFF-7C486A96C08F}.Debug|x64.ActiveCfg = Debug|x64
		{1B691260-0506-4659-8AFF-7C486A96C08F}.Debug|x64.Build.0 = Debug|x64
		{1B691260-0506-4659-8AFF-7C486A96C08F}.Debug|x86.ActiveCfg = Debug|Win32
		{1B691260-0506-4659-8AFF-7C486A96C08F}.Debug|x86.Build.0 = Debug|Win32
		{1B691260-0506-4659-8AFF-7C486A96C08F}.Release|x64.ActiveCfg = Release|x64
		{1B691260-0506-4659-8AFF-7C486A96C08F}.Release|x64.Build.0 = Release|x64
		{1B691260-0506-4659-8AFF-7C486A96C08F}.Release|x86.ActiveCfg = Release|Win32
		{1B691260-0506-4659-8AFF-7C486A96C08F}.Release|x86.Build.0 = Release|Win32
		{08B1FCEF-D9F4-4173-8810-B96F3DEF36A0}.Debug|x64.ActiveCfg = Debug|x64
		{08B1FCEF-D9F4-4173-8810-B96F3DEF36A0}.Debug|x64.Build.0 = Debug|x64
		{08B1FCEF-D9F4-4173-8810-B96F3DEF36A0}.Debug|x86.ActiveCfg = Debug|Win32
		{08B1FCEF-D9F4-4173-8810-B96F3DEF36A0}.Debug|x86.Build.0 = Debug|Win32
		{08B1FCEF-D9F4-4173-8810-B96F3DEF36A0}.Release|x64.ActiveCfg = Release|x64
		{08B1FCEF-D9F4-4173-8810-B96F3DEF36A0}.Release|x64.Build.0 = Release|x64
		{08B1FCEF-D9F4-4173-8810-B96F3DEF36A0}.Release|x86.ActiveCfg = Release|Win32
		{08B1FCEF-D9F4-4173-8810-B96F3DEF36A0}.Release|x86.Build.0 = Release|Win32
		{A6657158-9F6E-4F8B-AD0C-CF353DBD0412}.Debug|x64.ActiveCfg = Debug|x64
		{A6657158-9F6E-4F8B-AD0C-CF353DBD0412}.Debug|x64.Build.0 = Debug|x64
		{A6657158-9F6E-4F8B-AD0C-CF353DBD0412}.Debug|x86.ActiveCfg = Debug|Win32
		{A6657158-9F6E-4F8B-AD0C-CF353DBD0412}.Debug|x86.Build.0 = Debug|Win32
		{A6657158-9F6E-4F8B-AD0C-CF353DBD0412}.Release|x64.ActiveCfg = Release|x64
		{A6657158-9F6E-4F8B-AD0C-CF353DBD0412}.Release|x64.Build.0 = Release|x64
		{A6657158-9F6E-4F8B-AD0C-CF353DBD0412}.Release|x86.ActiveCfg = Release|Win32
		{A6657158-9F6E-4F8B-AD0C-CF353DBD0412}.Release|x86.Build.0 = Release|Win32
	EndGlobalSection
	GlobalSection(SolutionProperties) = preSolution
		HideSolutionNode = FALSE
	EndGlobalSection
	GlobalSection(ExtensibilityGlobals) = postSolution
		SolutionGuid = {14C3E846-1B4C-4E0E-9383-5DBEF9B2EBCF}
	EndGlobalSection
EndGlobal
